{
    "_meta": {
        "hash": {
            "sha256": "foobar"
        },
        "pipfile-spec": 6,
        "requires": {},
        "sources": [
            {
                "name": "some-non-existing-one",
                "url": "https://some-nonexisting-index-that-will-never-exist.org/simple",
                "verify_ssl": true
            },
            {
                "name": "pypi",
                "url": "https://pypi.org/simple",
                "verify_ssl": true
            }
        ]
    },
    "default": {
        "requests": {
            "hashes": [
                "sha256:9cf5292fcd0f598c671cfc1e0d7d1a7f13bb8085e9a590f48c010551dc6c4b31"
            ],
            "index": "pypi",
            "version": "==2.22.0"
        }
    },
    "develop": {}
}