{
    "_meta": {
        "hash": {
            "sha256": "25133bb40639471a0c1660cf7e0db9a7b5fe9fa01ad1e6999527b234295876d1"
        },
        "pipfile-spec": 6,
        "requires": {
            "python_version": "3.9"
        },
        "sources": [
            {
                "name": "5a06749b2297be54ac5699f6f2761716adc5001a2d5f8b915ab2172922dd5706",
                "url": "https://pypi.org/simple",
                "verify_ssl": true
            }
        ]
    },
    "default": {
        "python-json-logger": {
            "hashes": [
                "sha256:b7a31162f2a01965a5efb94453ce69230ed208468b0bbc7fdfc56e6d8df2e281"
            ],
            "index": "5a06749b2297be54ac5699f6f2761716adc5001a2d5f8b915ab2172922dd5706",
            "version": "==0.1.11"
        },
        "testproject": {
            "index": "5a06749b2297be54ac5699f6f2761716adc5001a2d5f8b915ab2172922dd5706",
            "path": "testproject",
            "version": "==0.1.0"
        }
    },
    "develop": {}
}
