[[package]]
name = "python-json-logger"
version = "0.1.11"
description = "A python library adding a json log formatter"
category = "main"
optional = false
python-versions = ">=2.7"

[[package]]
name = "testproject"
version = "0.1.0"
description = ""
category = "main"
optional = false
python-versions = "*"
develop = false

[package.dependencies]
python-json-logger = "0.1.11"

[package.source]
type = "directory"
url = "testproject"

[metadata]
lock-version = "1.1"
python-versions = "^3.7"
content-hash = "25133bb40639471a0c1660cf7e0db9a7b5fe9fa01ad1e6999527b234295876d1"

[metadata.files]
python-json-logger = [
    {file = "python-json-logger-0.1.11.tar.gz", hash = "sha256:b7a31162f2a01965a5efb94453ce69230ed208468b0bbc7fdfc56e6d8df2e281"},
]
testproject = []
