# This file is automatically @generated by Poetry and should not be changed by hand.

[[package]]
name = "daiquiri"
version = "3.0.0"
description = "Library to configure Python logging easily"
category = "main"
optional = false
python-versions = "*"
files = [
    {file = "daiquiri-3.0.0-py3-none-any.whl", hash = "sha256:1df8f03a9a59d82108d7fc4c0e531f0d049191859eab3a6e22df13b46bf123f8"},
]

[package.dependencies]
python-json-logger = "*"

[package.extras]
systemd = ["systemd-python (>=234)"]
test = ["pytest"]

[package.source]
type = "url"
url = "https://files.pythonhosted.org/packages/37/9e/5783ab066e5c6ca9600e54c0e015751438737dc4626bef62e383e4c6c659/daiquiri-3.0.0-py3-none-any.whl"
[[package]]
name = "python-json-logger"
version = "2.0.7"
description = "A python library adding a json log formatter"
category = "main"
optional = false
python-versions = ">=3.6"
files = [
    {file = "python-json-logger-2.0.7.tar.gz", hash = "sha256:23e7ec02d34237c5aa1e29a070193a4ea87583bb4e7f8fd06d3de8264c4b2e1c"},
    {file = "python_json_logger-2.0.7-py3-none-any.whl", hash = "sha256:f380b826a991ebbe3de4d897aeec42760035ac760345e57b812938dc8b35e2bd"},
]

[metadata]
lock-version = "2.0"
python-versions = "^3.7"
content-hash = "6033ee69d81447f2f9a8d500602461b797ec3b57b82a538b681a5f42db13f4df"
