{
    "_meta": {
        "hash": {
            "sha256": "a5e0e9c45b832c4f7a56a322e30d5fc78d7afa89e0642fc0be58bd8db87be538"
        },
        "pipfile-spec": 6,
        "requires": {
            "python_version": "3.9"
        },
        "sources": [
            {
                "name": "5a06749b2297be54ac5699f6f2761716adc5001a2d5f8b915ab2172922dd5706",
                "url": "https://pypi.org/simple",
                "verify_ssl": true
            }
        ]
    },
    "default": {
        "testproject": {
            "index": "5a06749b2297be54ac5699f6f2761716adc5001a2d5f8b915ab2172922dd5706",
            "path": "./testproject",
            "version": "==0.0.1"
        }
    },
    "develop": {}
}
