# This file is automatically @generated by Poetry 1.5.1 and should not be changed by hand.

[[package]]
name = "daiquiri"
version = "2.0.0"
description = "Library to configure Python logging easily"
optional = false
python-versions = "*"
files = [
    {file = "daiquiri-2.0.0-py2.py3-none-any.whl", hash = "sha256:d57b9fd5432933c6e899054eb62cee22eab89f560c8493254d327ec27893c866"},
    {file = "daiquiri-2.0.0.tar.gz", hash = "sha256:6b235ed15b73b87fd3cc2521aacbb727bf8443a0896dc534b07503841d03cfdb"},
]

[package.dependencies]
python-json-logger = "*"

[package.extras]
systemd = ["systemd-python (>=234)"]
test = ["mock", "pytest", "six"]

[[package]]
name = "flexmock"
version = "0.10.10"
description = "flexmock is a testing library for Python that makes it easy to create mocks,stubs and fakes."
optional = false
python-versions = "*"
files = [
    {file = "flexmock-0.10.10.tar.gz", hash = "sha256:8bb073f4b7b590672e8c312e73d6a14f88ae624a867b691462f9e8c24b9f19d1"},
]

[[package]]
name = "python-json-logger"
version = "0.1.11"
description = "A python library adding a json log formatter"
optional = false
python-versions = ">=2.7"
files = [
    {file = "python-json-logger-0.1.11.tar.gz", hash = "sha256:b7a31162f2a01965a5efb94453ce69230ed208468b0bbc7fdfc56e6d8df2e281"},
]

[metadata]
lock-version = "2.0"
python-versions = "*"
content-hash = "d3213b26a683ac3ef9b891ad700f40a2e768a20e637e6bb1e8b7cd858903102f"
