[[package]]
name = "daiquiri"
version = "2.0.0"
description = "Library to configure Python logging easily"
category = "INVALID"
optional = false
python-versions = "*"

[package.dependencies]
python-json-logger = "*"

[package.extras]
systemd = ["systemd-python (>=234)"]
test = ["pytest", "six", "mock"]

[[package]]
name = "flexmock"
version = "0.10.10"
description = "flexmock is a testing library for Python that makes it easy to create mocks,stubs and fakes."
category = "dev"
optional = false
python-versions = "*"

[[package]]
name = "python-json-logger"
version = "0.1.11"
description = "A python library adding a json log formatter"
category = "main"
optional = false
python-versions = ">=2.7"

[metadata]
lock-version = "1.1"
python-versions = "*"
content-hash = "30915d68b697fa16ea3490a9407401cf6bbfbcaf1ea58af4b3ef48654f4a60e5"

[metadata.files]
daiquiri = [
    {file = "daiquiri-2.0.0-py2.py3-none-any.whl", hash = "sha256:d57b9fd5432933c6e899054eb62cee22eab89f560c8493254d327ec27893c866"},
    {file = "daiquiri-2.0.0.tar.gz", hash = "sha256:6b235ed15b73b87fd3cc2521aacbb727bf8443a0896dc534b07503841d03cfdb"},
]
flexmock = [
    {file = "flexmock-0.10.10.tar.gz", hash = "sha256:8bb073f4b7b590672e8c312e73d6a14f88ae624a867b691462f9e8c24b9f19d1"},
]
python-json-logger = [
    {file = "python-json-logger-0.1.11.tar.gz", hash = "sha256:b7a31162f2a01965a5efb94453ce69230ed208468b0bbc7fdfc56e6d8df2e281"},
]
