{
 "_meta": {
  "hash": {
   "sha256": "9e780efed244b501e060bf4a4c4e79249f1eca62fc1be1d277646c1f86b6ce51"
  },
  "pipfile-spec": 6,
  "sources": [
   {
    "url": "https://pypi.org/simple",
    "name": "5a06749b2297be54ac5699f6f2761716adc5001a2d5f8b915ab2172922dd5706",
    "verify_ssl": true
   }
  ],
  "requires": {
   "python_version": "3.9"
  }
 },
 "default": {
  "dataclasses": {
   "version": "==0.8",
   "hashes": [
    "sha256:0201d89fa866f68c8ebd9d08ee6ff50c0b255f8ec63a71c16fda7af82bb887bf",
    "sha256:8479067f342acf957dc82ec415d355ab5edb7e7646b90dc6e2fd1d96ad084c97"
   ],
   "index": "5a06749b2297be54ac5699f6f2761716adc5001a2d5f8b915ab2172922dd5706"
  },
  "werkzeug": {
   "version": "==2.0.1",
   "hashes": [
    "sha256:6c1ec500dcdba0baa27600f6a22f6333d8b662d22027ff9f6202e3367413caa8",
    "sha256:1de1db30d010ff1af14a009224ec49ab2329ad2cde454c8a708130642d579c42"
   ],
   "index": "5a06749b2297be54ac5699f6f2761716adc5001a2d5f8b915ab2172922dd5706"
  }
 },
 "develop": {}
}
