{"_meta": {"hash": {"sha256": "ddaa9d41aa9d6aa9adf294fc44af2baf00bb452085d043566f6609237273ab4f"}, "pipfile-spec": 6, "sources": [{"url": "https://pypi.org/simple", "name": "5a06749b2297be54ac5699f6f2761716adc5001a2d5f8b915ab2172922dd5706", "verify_ssl": true}], "requires": {"python_version": "3.11"}}, "default": {"attrs": {"version": "==22.2.0", "hashes": ["sha256:29e95c7f6778868dbd49170f98f8818f78f3dc5e0e37c0b1f474e3561b240836", "sha256:c9227bfc2f01993c03f68db37d1d15c9690188323c067c641f1a35ca58185f99"], "index": "5a06749b2297be54ac5699f6f2761716adc5001a2d5f8b915ab2172922dd5706"}, "boto3": {"version": "==1.26.42", "hashes": ["sha256:75c995a04723f23e35e16ea491ed91a1345e2fa6492678a216488512308dada1", "sha256:4cfd7e05e4033dbca2cc59bcfdafbdaef9d83dc3c0448917569b301d85766d9d"], "index": "5a06749b2297be54ac5699f6f2761716adc5001a2d5f8b915ab2172922dd5706"}, "botocore": {"version": "==1.29.42", "hashes": ["sha256:f52f9dbd7ad42b3528c1052086c1a7b6122a018f919afdb604f2889caefe8092", "sha256:d05c62f64e76194c40f598f5f7c804ec50d9820e9f03f6e0198558e4ace167c4"], "index": "5a06749b2297be54ac5699f6f2761716adc5001a2d5f8b915ab2172922dd5706"}, "click": {"version": "==8.1.3", "hashes": ["sha256:bb4d8133cb15a609f44e8213d9b391b0809795062913b383c62be0ee95b1db48", "sha256:7682dc8afb30297001674575ea00d1814d808d6a36af415a82bd481d37ba7b8e"], "index": "5a06749b2297be54ac5699f6f2761716adc5001a2d5f8b915ab2172922dd5706"}, "codegen": {"version": "==1.0", "hashes": ["sha256:d14caccc4175903d79bc5ed2890d140163281b1cdff79f3657e963369e79a6ee"], "index": "5a06749b2297be54ac5699f6f2761716adc5001a2d5f8b915ab2172922dd5706"}, "colorama": {"version": "==0.4.6", "hashes": ["sha256:4f1d9991f5acc0ca119f9d443620b77f9d6b33703e51011c16baf57afb285fc6", "sha256:08695f5cb7ed6e0531a20572697297273c47b8cae5a63ffc6d6ed5c201be6e44"], "index": "5a06749b2297be54ac5699f6f2761716adc5001a2d5f8b915ab2172922dd5706"}, "daiquiri": {"version": "==2.1.0", "git": "https://github.com/jd/daiquiri", "ref": "080a7b9076ede4d4c5e300be13f4c9a34c271bb5"}, "graphviz": {"version": "==0.20.1", "hashes": ["sha256:587c58a223b51611c0cf461132da386edd896a029524ca61a1462b880bf97977", "sha256:8c58f14adaa3b947daf26c19bc1e98c4e0702cdc31cf99153e6f06904d492bf8"], "index": "5a06749b2297be54ac5699f6f2761716adc5001a2d5f8b915ab2172922dd5706"}, "importlib-metadata": {"version": "==6.0.0", "hashes": ["sha256:7efb448ec9a5e313a57655d35aa54cd3e01b7e1fbcf72dce1bf06119420f5bad", "sha256:e354bedeb60efa6affdcc8ae121b73544a7aa74156d047311948f6d711cd378d"], "markers": "(python_version < \"3.8\") or (python_version < \"3.8\")", "index": "5a06749b2297be54ac5699f6f2761716adc5001a2d5f8b915ab2172922dd5706"}, "importlib-resources": {"version": "==5.10.2", "hashes": ["sha256:7d543798b0beca10b6a01ac7cafda9f822c54db9e8376a6bf57e0cbd74d486b6", "sha256:e4a96c8cc0339647ff9a5e0550d9f276fc5a01ffa276012b58ec108cfd7b8484"], "markers": "(python_version < \"3.9\")", "index": "5a06749b2297be54ac5699f6f2761716adc5001a2d5f8b915ab2172922dd5706"}, "jmespath": {"version": "==1.0.1", "hashes": ["sha256:02e2e4cc71b5bcab88332eebf907519190dd9e6e82107fa7f83b1003a6252980", "sha256:90261b206d6defd58fdd5e85f478bf633a2901798906be2ad389150c5c60edbe"], "index": "5a06749b2297be54ac5699f6f2761716adc5001a2d5f8b915ab2172922dd5706"}, "jsonschema": {"version": "==4.17.3", "hashes": ["sha256:a870ad254da1a8ca84b6a2905cac29d265f805acc57af304784962a2aa6508f6", "sha256:0f864437ab8b6076ba6707453ef8f98a6a0d512a80e93f8abdb676f737ecb60d"], "index": "5a06749b2297be54ac5699f6f2761716adc5001a2d5f8b915ab2172922dd5706"}, "logutils": {"version": "==0.3.5", "hashes": ["sha256:bc058a25d5c209461f134e1f03cab637d66a7a5ccc12e593db56fbb279899a82"], "index": "5a06749b2297be54ac5699f6f2761716adc5001a2d5f8b915ab2172922dd5706"}, "micropipenv": {"version": "==0.0.1", "hashes": ["sha256:fbc412770c71735eb84c92fcda15edd06bc43ff4300e656210d36c1e6127849d"], "index": "5a06749b2297be54ac5699f6f2761716adc5001a2d5f8b915ab2172922dd5706"}, "pkgutil-resolve-name": {"version": "==1.3.10", "hashes": ["sha256:ca27cc078d25c5ad71a9de0a7a330146c4e014c2462d9af19c6b828280649c5e", "sha256:357d6c9e6a755653cfd78893817c0853af365dd51ec97f3d358a819373bbd174"], "markers": "(python_version < \"3.9\")", "index": "5a06749b2297be54ac5699f6f2761716adc5001a2d5f8b915ab2172922dd5706"}, "pyrsistent": {"version": "==0.19.3", "hashes": ["sha256:20460ac0ea439a3e79caa1dbd560344b64ed75e85d8703943e0b66c2a6150e4a", "sha256:4c18264cb84b5e68e7085a43723f9e4c1fd1d935ab240ce02c0324a8e01ccb64", "sha256:4b774f9288dda8d425adb6544e5903f1fb6c273ab3128a355c6b972b7df39dcf", "sha256:5a474fb80f5e0d6c9394d8db0fc19e90fa540b82ee52dba7d246a7791712f74a", "sha256:49c32f216c17148695ca0e02a5c521e28a4ee6c5089f97e34fe24163113722da", "sha256:f0774bf48631f3a20471dd7c5989657b639fd2d285b861237ea9e82c36a415a9", "sha256:3ab2204234c0ecd8b9368dbd6a53e83c3d4f3cab10ecaf6d0e772f456c442393", "sha256:e42296a09e83028b3476f7073fcb69ffebac0e66dbbfd1bd847d61f74db30f19", "sha256:64220c429e42a7150f4bfd280f6f4bb2850f95956bde93c6fda1b70507af6ef3", "sha256:016ad1afadf318eb7911baa24b049909f7f3bb2c5b1ed7b6a8f21db21ea3faa8", "sha256:c4db1bd596fefd66b296a3d5d943c94f4fac5bcd13e99bffe2ba6a759d959a28", "sha256:aeda827381f5e5d65cced3024126529ddc4289d944f75e090572c77ceb19adbf", "sha256:42ac0b2f44607eb92ae88609eda931a4f0dfa03038c44c772e07f43e738bcac9", "sha256:e8f2b814a3dc6225964fa03d8582c6e0b6650d68a232df41e3cc1b66a5d2f8d1", "sha256:c9bb60a40a0ab9aba40a59f68214eed5a29c6274c83b2cc206a359c4a89fa41b", "sha256:a2471f3f8693101975b1ff85ffd19bb7ca7dd7c38f8a81701f67d6b4f97b87d8", "sha256:cc5d149f31706762c1f8bda2e8c4f8fead6e80312e3692619a75301d3dbb819a", "sha256:3311cb4237a341aa52ab8448c27e3a9931e2ee09561ad150ba94e4cfd3fc888c", "sha256:f0e7c4b2f77593871e918be000b96c8107da48444d57005b6a6bc61fb4331b2c", "sha256:c147257a92374fde8498491f53ffa8f4822cd70c0d85037e09028e478cababb7", "sha256:b735e538f74ec31378f5a1e3886a26d2ca6351106b4dfde376a26fc32a044edc", "sha256:99abb85579e2165bd8522f0c0138864da97847875ecbd45f3e7e2af569bfc6f2", "sha256:3a8cb235fa6d3fd7aae6a4f1429bbb1fec1577d978098da1252f0489937786f3", "sha256:c74bed51f9b41c48366a286395c67f4e894374306b197e62810e0fdaf2364da2", "sha256:878433581fc23e906d947a6814336eee031a00e6defba224234169ae3d3d6a98", "sha256:ccf0d6bd208f8111179f0c26fdf84ed7c3891982f2edaeae7422575f47e66b64", "sha256:1a2994773706bbb4995c31a97bc94f1418314923bd1048c6d964837040376440"], "index": "5a06749b2297be54ac5699f6f2761716adc5001a2d5f8b915ab2172922dd5706"}, "python-dateutil": {"version": "==2.8.2", "hashes": ["sha256:0123cacc1627ae19ddf3c27a5de5bd67ee4586fbdd6440d9748f8abb483d3e86", "sha256:961d03dc3453ebbc59dbdea9e4e11c5651520a876d0f4db161e8674aae935da9"], "index": "5a06749b2297be54ac5699f6f2761716adc5001a2d5f8b915ab2172922dd5706"}, "python-json-logger": {"version": "==2.0.4", "hashes": ["sha256:764d762175f99fcc4630bd4853b09632acb60a6224acb27ce08cd70f0b1b81bd", "sha256:3b03487b14eb9e4f77e4fc2a023358b5394b82fd89cecf5586259baed57d8c6f"], "index": "5a06749b2297be54ac5699f6f2761716adc5001a2d5f8b915ab2172922dd5706"}, "pyyaml": {"version": "==6.0", "hashes": ["sha256:d4db7c7aef085872ef65a8fd7d6d09a14ae91f691dec3e87ee5ee0539d516f53", "sha256:9df7ed3b3d2e0ecfe09e14741b857df43adb5a3ddadc919a2d94fbdf78fea53c", "sha256:77f396e6ef4c73fdc33a9157446466f1cff553d979bd00ecb64385760c6babdc", "sha256:a80a78046a72361de73f8f395f1f1e49f956c6be882eed58505a15f3e430962b", "sha256:f84fbc98b019fef2ee9a1cb3ce93e3187a6df0b2538a651bfb890254ba9f90b5", "sha256:2cd5df3de48857ed0544b34e2d40e9fac445930039f3cfe4bcc592a1f836d513", "sha256:daf496c58a8c52083df09b80c860005194014c3698698d1a57cbcfa182142a3a", "sha256:d4b0ba9512519522b118090257be113b9468d804b19d63c71dbcf4a48fa32358", "sha256:81957921f441d50af23654aa6c5e5eaf9b06aba7f0a19c18a538dc7ef291c5a1", "sha256:afa17f5bc4d1b10afd4466fd3a44dc0e245382deca5b3c353d8b757f9e3ecb8d", "sha256:dbad0e9d368bb989f4515da330b88a057617d16b6a8245084f1b05400f24609f", "sha256:432557aa2c09802be39460360ddffd48156e30721f5e8d917f01d31694216782", "sha256:bfaef573a63ba8923503d27530362590ff4f576c626d86a9fed95822a8255fd7", "sha256:01b45c0191e6d66c470b6cf1b9531a771a83c1c4208272ead47a3ae4f2f603bf", "sha256:897b80890765f037df3403d22bab41627ca8811ae55e9a722fd0392850ec4d86", "sha256:50602afada6d6cbfad699b0c7bb50d5ccffa7e46a3d738092afddc1f9758427f", "sha256:48c346915c114f5fdb3ead70312bd042a953a8ce5c7106d5bfb1a5254e47da92", "sha256:98c4d36e99714e55cfbaaee6dd5badbc9a1ec339ebfc3b1f52e293aee6bb71a4", "sha256:0283c35a6a9fbf047493e3a0ce8d79ef5030852c51e9d911a27badfde0605293", "sha256:07751360502caac1c067a8132d150cf3d61339af5691fe9e87803040dbc5db57", "sha256:819b3830a1543db06c4d4b865e70ded25be52a2e0631ccd2f6a47a2822f2fd7c", "sha256:473f9edb243cb1935ab5a084eb238d842fb8f404ed2193a915d1784b5a6b5fc0", "sha256:0ce82d761c532fe4ec3f87fc45688bdd3a4c1dc5e0b4a19814b9009a29baefd4", "sha256:231710d57adfd809ef5d34183b8ed1eeae3f76459c18fb4a0b373ad56bedcdd9", "sha256:c5687b8d43cf58545ade1fe3e055f70eac7a5a1a0bf42824308d868289a95737", "sha256:d15a181d1ecd0d4270dc32edb46f7cb7733c7c508857278d3d378d14d606db2d", "sha256:0b4624f379dab24d3725ffde76559cff63d9ec94e1736b556dacdfebe5ab6d4b", "sha256:213c60cd50106436cc818accf5baa1aba61c0189ff610f64f4a3e8c6726218ba", "sha256:9fa600030013c4de8165339db93d182b9431076eb98eb40ee068700c9c813e34", "sha256:277a0ef2981ca40581a47093e9e2d13b3f1fbbeffae064c1d21bfceba2030287", "sha256:d4eccecf9adf6fbcc6861a38015c2a64f38b9d94838ac1810a9023a0609e1b78", "sha256:1e4747bc279b4f613a09eb64bba2ba602d8a6664c6ce6396a4d0cd413a50ce07", "sha256:055d937d65826939cb044fc8c9b08889e8c743fdc6a32b33e2390f66013e449b", "sha256:e61ceaab6f49fb8bdfaa0f92c4b57bcfbea54c09277b1b4f7ac376bfb7a7c174", "sha256:d67d839ede4ed1b28a4e8909735fc992a923cdb84e618544973d7dfc71540803", "sha256:cba8c411ef271aa037d7357a2bc8f9ee8b58b9965831d9e51baf703280dc73d3", "sha256:40527857252b61eacd1d9af500c3337ba8deb8fc298940291486c465c8b46ec0", "sha256:b5b9eccad747aabaaffbc6064800670f0c297e52c12754eb1d976c57e4f74dcb", "sha256:b3d267842bf12586ba6c734f89d1f5b871df0273157918b0ccefa29deb05c21c", "sha256:68fb519c14306fec9720a2a5b45bc9f0c8d1b9c72adf45c37baedfcd949c35a2"], "index": "5a06749b2297be54ac5699f6f2761716adc5001a2d5f8b915ab2172922dd5706"}, "rainbow-logging-handler": {"version": "==2.2.2", "hashes": ["sha256:a504c20f1e074cc7f5a5b986c08eb6fb495c9153cffb36b5fa0a587de3a8db63"], "index": "5a06749b2297be54ac5699f6f2761716adc5001a2d5f8b915ab2172922dd5706"}, "s3transfer": {"version": "==0.6.0", "hashes": ["sha256:06176b74f3a15f61f1b4f25a1fc29a4429040b7647133a463da8fa5bd28d5ecd", "sha256:2ed07d3866f523cc561bf4a00fc5535827981b117dd7876f036b0c1aca42c947"], "index": "5a06749b2297be54ac5699f6f2761716adc5001a2d5f8b915ab2172922dd5706"}, "selinon": {"version": "==1.0.0", "hashes": ["sha256:9a62e16ea9dc730d006e1271231f318ee2dad48d145fd3b9e902a925ea3cca2e", "sha256:392ab7d2ff1430417a50327515538cec3e9f302b7513dc8e8474745a1b28187a"], "extras": ["s3"], "index": "5a06749b2297be54ac5699f6f2761716adc5001a2d5f8b915ab2172922dd5706"}, "six": {"version": "==1.16.0", "hashes": ["sha256:8abb2f1d86890a2dfb989f9a77cfcfd3e47c2a354b01111771326f8aa26e0254", "sha256:1e61c37477a1626458e36f7b1d82aa5c9b094fa4802892072e49de9c60c4c926"], "index": "5a06749b2297be54ac5699f6f2761716adc5001a2d5f8b915ab2172922dd5706"}, "typing-extensions": {"version": "==4.4.0", "hashes": ["sha256:16fa4864408f655d35ec496218b85f79b3437c829e93320c7c9215ccfd92489e", "sha256:1511434bb92bf8dd198c12b1cc812e800d4181cfcb867674e0f8279cc93087aa"], "markers": "(python_version < \"3.8\") or (python_version < \"3.8\")", "index": "5a06749b2297be54ac5699f6f2761716adc5001a2d5f8b915ab2172922dd5706"}, "urllib3": {"version": "==1.26.13", "hashes": ["sha256:47cc05d99aaa09c9e72ed5809b60e7ba354e64b59c9c173ac3018642d8bb41fc", "sha256:c083dd0dce68dbfbe1129d5271cb90f9447dea7d52097c6e0126120c521ddea8"], "index": "5a06749b2297be54ac5699f6f2761716adc5001a2d5f8b915ab2172922dd5706"}, "zipp": {"version": "==3.11.0", "hashes": ["sha256:83a28fcb75844b5c0cdaf5aa4003c2d728c77e05f5aeabe8e95e56727005fbaa", "sha256:a7a22e05929290a67401440b39690ae6563279bced5f314609d9d03798f56766"], "index": "5a06749b2297be54ac5699f6f2761716adc5001a2d5f8b915ab2172922dd5706"}}, "develop": {}}
