{
    "_meta": {
        "hash": {
            "sha256": "efab00b56dff8d96206f1e879492391190a765600979ee9922f74c4ffd17a78e"
        },
        "pipfile-spec": 6,
        "requires": {},
        "sources": [
            {
                "name": "pypi",
                "url": "https://pypi.org/simple",
                "verify_ssl": true
            }
        ]
    },
    "default": {
        "daiquiri": {
            "hashes": [
                "sha256:6b235ed15b73b87fd3cc2521aacbb727bf8443a0896dc534b07503841d03cfdb",
                "sha256:d57b9fd5432933c6e899054eb62cee22eab89f560c8493254d327ec27893c866"
            ],
            "index": "pypi",
            "version": "==2.0.0"
        },
        "python-json-logger": {
            "hashes": [
                "sha256:b7a31162f2a01965a5efb94453ce69230ed208468b0bbc7fdfc56e6d8df2e281"
            ],
            "markers": "python_version >= '2.7'",
            "version": "==0.1.11"
        }
    },
    "develop": {}
}
