{
    "_meta": {
        "hash": {
            "sha256": "a3599034029589931400c40d18c6497d5439a4c32f5cb76838048b50929524a6"
        },
        "pipfile-spec": 6,
        "requires": {},
        "sources": [
            {
                "name": "pypi",
                "url": "https://pypi.org/simple",
                "verify_ssl": true
            }
        ]
    },
    "default": {
        "pygstc": {
            "git": "https://git@github.com/RidgeRun/gstd-1.x.git",
            "ref": "5cd3e718028daeae234a0898768b162862a304f9",
            "subdirectory": "libgstc/python"
        }
    },
    "develop": {}
}