{
 "_meta": {
  "hash": {
   "sha256": "3eea796d58882de18b58f2660fbdf3b24d34d640b1b16cdbb20cfcb67421e296"
  },
  "pipfile-spec": 6,
  "sources": [
   {
    "url": "https://pypi.org/simple",
    "name": "5a06749b2297be54ac5699f6f2761716adc5001a2d5f8b915ab2172922dd5706",
    "verify_ssl": true
   }
  ],
  "requires": {
   "python_version": "3.11"
  }
 },
 "default": {},
 "develop": {}
}
