{
 "_meta": {
  "hash": {
   "sha256": "ddaa9d41aa9d6aa9adf294fc44af2baf00bb452085d043566f6609237273ab4f"
  },
  "pipfile-spec": 6,
  "sources": [
   {
    "url": "https://pypi.org/simple",
    "name": "5a06749b2297be54ac5699f6f2761716adc5001a2d5f8b915ab2172922dd5706",
    "verify_ssl": true
   }
  ],
  "requires": {
   "python_version": "3.9"
  }
 },
 "default": {},
 "develop": {
  "hexsticker": {
   "version": "==1.2.0",
   "hashes": [
    "sha256:28aac200b57dd4eabf102c78e0d6254cc893b5061fe11d7f157ee9c72b497de4",
    "sha256:1e328c8d652a05ed829e66f56b7dc8a9f20fa91a16c5b0fa914f7f423692696b"
   ],
   "index": "5a06749b2297be54ac5699f6f2761716adc5001a2d5f8b915ab2172922dd5706"
  },
  "pillow": {
   "version": "==7.0.0",
   "hashes": [
    "sha256:5f3546ceb08089cedb9e8ff7e3f6a7042bb5b37c2a95d392fb027c3e53a2da00",
    "sha256:9d2ba4ed13af381233e2d810ff3bab84ef9f18430a9b336ab69eaf3cd24299ff",
    "sha256:ff3797f2f16bf9d17d53257612da84dd0758db33935777149b3334c01ff68865",
    "sha256:c18f70dc27cc5d236f10e7834236aff60aadc71346a5bc1f4f83a4b3abee6386",
    "sha256:875358310ed7abd5320f21dd97351d62de4929b0426cdb1eaa904b64ac36b435",
    "sha256:ab76e5580b0ed647a8d8d2d2daee170e8e9f8aad225ede314f684e297e3643c2",
    "sha256:a62ec5e13e227399be73303ff301f2865bf68657d15ea50b038d25fc41097317",
    "sha256:8ac6ce7ff3892e5deaab7abaec763538ffd011f74dc1801d93d3c5fc541feee2",
    "sha256:91b710e3353aea6fc758cdb7136d9bbdcb26b53cefe43e2cba953ac3ee1d3313",
    "sha256:bf598d2e37cf8edb1a2f26ed3fb255191f5232badea4003c16301cb94ac5bdd0",
    "sha256:5bfef0b1cdde9f33881c913af14e43db69815c7e8df429ceda4c70a5e529210f",
    "sha256:dc058b7833184970d1248135b8b0ab702e6daa833be14035179f2acb78ff5636",
    "sha256:c5ed816632204a2fc9486d784d8e0d0ae754347aba99c811458d69fcdfd2a2f9",
    "sha256:54ebae163e8412aff0b9df1e88adab65788f5f5b58e625dc5c7f51eaf14a6837",
    "sha256:87269cc6ce1e3dee11f23fa515e4249ae678dbbe2704598a51cee76c52e19cda",
    "sha256:0a628977ac2e01ca96aaae247ec2bd38e729631ddf2221b4b715446fd45505be",
    "sha256:62a889aeb0a79e50ecf5af272e9e3c164148f4bd9636cc6bcfa182a52c8b0533",
    "sha256:bf4003aa538af3f4205c5fac56eacaa67a6dd81e454ffd9e9f055fff9f1bc614",
    "sha256:7406f5a9b2fd966e79e6abdaf700585a4522e98d6559ce37fc52e5c955fade0a",
    "sha256:5f7ae9126d16194f114435ebb79cc536b5682002a4fa57fa7bb2cbcde65f2f4d",
    "sha256:8453f914f4e5a3d828281a6628cf517832abfa13ff50679a4848926dac7c0358",
    "sha256:4d9ed9a64095e031435af120d3c910148067087541131e82b3e8db302f4c8946"
   ],
   "index": "5a06749b2297be54ac5699f6f2761716adc5001a2d5f8b915ab2172922dd5706"
  }
 }
}
