{
    "_meta": {
        "hash": {
            "sha256": "292075626fd1f50823c8e26edac87208394519dfcf351b40e02168728080f9f1"
        },
        "pipfile-spec": 6,
        "requires": {},
        "sources": [
            {
                "name": "pypi",
                "url": "https://pypi.org/simple",
                "verify_ssl": true
            }
        ]
    },
    "default": {
        "Pello": {
            "git": "https://github.com/fedora-python/Pello",
            "ref": "7fcfdb9340d38750136d8cb2fb5ff9427d39053c",
            "version": "==1.0.4"
        }
    },
    "develop": {}
}
