{
    "_meta": {
        "hash": {
            "sha256": "18851a2e437692c62ea836e224a03feb67535705445d18dbdc363c02707e38e4"
        },
        "pipfile-spec": 6,
        "requires": {},
        "sources": [
            {
                "name": "pypi",
                "url": "https://pypi.org/simple",
                "verify_ssl": true
            }
        ]
    },
    "default": {
        "Pello": {
            "editable": true,
            "git": "https://github.com/fedora-python/Pello",
            "ref": "7fcfdb9340d38750136d8cb2fb5ff9427d39053c"
        }
    },
    "develop": {}
}
