# This file is automatically @generated by Poetry 1.8.2 and should not be changed by hand.

[[package]]
name = "pygstc"
version = "0.2.1"
description = "Python GStreamer Daemon Client"
optional = false
python-versions = ">=3.5"
files = []
develop = false

[package.source]
type = "git"
url = "https://github.com/RidgeRun/gstd-1.x.git"
reference = "v0.13.2"
resolved_reference = "5cd3e718028daeae234a0898768b162862a304f9"
subdirectory = "libgstc/python"

[metadata]
lock-version = "2.0"
python-versions = "^3.7"
content-hash = "05ffc83da0ac914ee0ee2d0535c14f694918c45df35680bbe1ebc637d5c49e1c"
